
Microsoft Visual Studio Solution File, Format Version 12.00
# Visual Studio Version 17
VisualStudioVersion = 17.4.33213.308
MinimumVisualStudioVersion = 10.0.40219.1
Project("{FAE04EC0-301F-11D3-BF4B-00C04F79EFBC}") = "DontPanicBabyApi", "DontPanicBabyApi.csproj", "{A77A4B1B-9434-495E-B7E1-A393A5F2BBF8}"
EndProject
Project("{FAE04EC0-301F-11D3-BF4B-00C04F79EFBC}") = "DontPanicBabyTest", "..\DontPanicBabyTest\DontPanicBabyTest.csproj", "{6746EFBE-06BA-4A52-ADCD-FD30EE618BDB}"
EndProject
Global
	GlobalSection(SolutionConfigurationPlatforms) = preSolution
		Debug|Any CPU = Debug|Any CPU
		Release|Any CPU = Release|Any CPU
	EndGlobalSection
	GlobalSection(ProjectConfigurationPlatforms) = postSolution
		{A77A4B1B-9434-495E-B7E1-A393A5F2BBF8}.Debug|Any CPU.ActiveCfg = Debug|Any CPU
		{A77A4B1B-9434-495E-B7E1-A393A5F2BBF8}.Debug|Any CPU.Build.0 = Debug|Any CPU
		{A77A4B1B-9434-495E-B7E1-A393A5F2BBF8}.Release|Any CPU.ActiveCfg = Release|Any CPU
		{A77A4B1B-9434-495E-B7E1-A393A5F2BBF8}.Release|Any CPU.Build.0 = Release|Any CPU
		{6746EFBE-06BA-4A52-ADCD-FD30EE618BDB}.Debug|Any CPU.ActiveCfg = Debug|Any CPU
		{6746EFBE-06BA-4A52-ADCD-FD30EE618BDB}.Debug|Any CPU.Build.0 = Debug|Any CPU
		{6746EFBE-06BA-4A52-ADCD-FD30EE618BDB}.Release|Any CPU.ActiveCfg = Release|Any CPU
		{6746EFBE-06BA-4A52-ADCD-FD30EE618BDB}.Release|Any CPU.Build.0 = Release|Any CPU
	EndGlobalSection
	GlobalSection(SolutionProperties) = preSolution
		HideSolutionNode = FALSE
	EndGlobalSection
	GlobalSection(ExtensibilityGlobals) = postSolution
		SolutionGuid = {B26545BC-52A6-4FBB-9AE8-C112192B12A9}
	EndGlobalSection
EndGlobal
